
Microsoft Visual Studio Solution File, Format Version 12.00
# Visual Studio 2013
VisualStudioVersion = 12.0.30723.0
MinimumVisualStudioVersion = 10.0.40219.1
Project("{FAE04EC0-301F-11D3-BF4B-00C04F79EFBC}") = "Fr.Binard.Net.Web", "Fr.Binard.Net.Web\Fr.Binard.Net.Web.csproj", "{DEEAA486-D0FA-42D5-ADA4-770D7ED36E14}"
EndProject
Project("{2150E333-8FDC-42A3-9474-1A3956D46DE8}") = "Web", "Web", "{0290F26D-0707-47E3-9F03-521774C6ECF9}"
EndProject
Project("{2150E333-8FDC-42A3-9474-1A3956D46DE8}") = "Utils", "Utils", "{DCBA48E3-40EA-473C-8861-3C893A617A3B}"
EndProject
Project("{2150E333-8FDC-42A3-9474-1A3956D46DE8}") = "Core", "Core", "{5F195278-8D4F-4609-A5D2-08E27F3D51CC}"
EndProject
Project("{FAE04EC0-301F-11D3-BF4B-00C04F79EFBC}") = "Fr.Binard.Net.Domain", "Fr.Binard.Net.Domain\Fr.Binard.Net.Domain.csproj", "{82B774F8-D042-4698-A6D3-50B946561901}"
EndProject
Project("{FAE04EC0-301F-11D3-BF4B-00C04F79EFBC}") = "Fr.Binard.Net.Infrastructure.EF", "Fr.Binard.Net.Infrastructure.EF\Fr.Binard.Net.Infrastructure.EF.csproj", "{E4AC311F-EE55-4295-8606-A247BACCF791}"
EndProject
Project("{FAE04EC0-301F-11D3-BF4B-00C04F79EFBC}") = "Fr.Binard.Net.Service", "Fr.Binard.Net.Service\Fr.Binard.Net.Service.csproj", "{E705DBD4-27A2-4D93-8244-B54936A31D32}"
EndProject
Project("{FAE04EC0-301F-11D3-BF4B-00C04F79EFBC}") = "Fr.Binard.Net.Utils", "Fr.Binard.Utils\Fr.Binard.Net.Utils.csproj", "{6FD44370-ACB1-4941-9811-01CE315C457A}"
EndProject
Project("{FAE04EC0-301F-11D3-BF4B-00C04F79EFBC}") = "Fr.Binard.Net.Bootstrapper", "Fr.Binard.Net.Bootstrapper\Fr.Binard.Net.Bootstrapper.csproj", "{AE23AB5F-B8D7-4BCD-9735-15ABED4A7948}"
EndProject
Project("{FAE04EC0-301F-11D3-BF4B-00C04F79EFBC}") = "Fr.Binard.Net.Web.Core", "Fr.Binard.Net.Core\Fr.Binard.Net.Web.Core.csproj", "{F3AB648D-175F-4084-A04B-F0833F62470F}"
EndProject
Project("{FAE04EC0-301F-11D3-BF4B-00C04F79EFBC}") = "Fr.Binard.Net.Repository", "Fr.Binard.Net.Repository\Fr.Binard.Net.Repository.csproj", "{61160548-1303-4C69-B4C1-E1AEE3C832F7}"
EndProject
Project("{FAE04EC0-301F-11D3-BF4B-00C04F79EFBC}") = "Fr.Binard.Net.Common", "Fr.Binard.Net.Common\Fr.Binard.Net.Common.csproj", "{7B3F6EC8-4DB6-4D49-BC37-FE5E2B9708F4}"
EndProject
Global
	GlobalSection(SolutionConfigurationPlatforms) = preSolution
		Debug|Any CPU = Debug|Any CPU
		Release|Any CPU = Release|Any CPU
	EndGlobalSection
	GlobalSection(ProjectConfigurationPlatforms) = postSolution
		{DEEAA486-D0FA-42D5-ADA4-770D7ED36E14}.Debug|Any CPU.ActiveCfg = Debug|Any CPU
		{DEEAA486-D0FA-42D5-ADA4-770D7ED36E14}.Debug|Any CPU.Build.0 = Debug|Any CPU
		{DEEAA486-D0FA-42D5-ADA4-770D7ED36E14}.Release|Any CPU.ActiveCfg = Release|Any CPU
		{DEEAA486-D0FA-42D5-ADA4-770D7ED36E14}.Release|Any CPU.Build.0 = Release|Any CPU
		{82B774F8-D042-4698-A6D3-50B946561901}.Debug|Any CPU.ActiveCfg = Debug|Any CPU
		{82B774F8-D042-4698-A6D3-50B946561901}.Debug|Any CPU.Build.0 = Debug|Any CPU
		{82B774F8-D042-4698-A6D3-50B946561901}.Release|Any CPU.ActiveCfg = Release|Any CPU
		{82B774F8-D042-4698-A6D3-50B946561901}.Release|Any CPU.Build.0 = Release|Any CPU
		{E4AC311F-EE55-4295-8606-A247BACCF791}.Debug|Any CPU.ActiveCfg = Debug|Any CPU
		{E4AC311F-EE55-4295-8606-A247BACCF791}.Debug|Any CPU.Build.0 = Debug|Any CPU
		{E4AC311F-EE55-4295-8606-A247BACCF791}.Release|Any CPU.ActiveCfg = Release|Any CPU
		{E4AC311F-EE55-4295-8606-A247BACCF791}.Release|Any CPU.Build.0 = Release|Any CPU
		{E705DBD4-27A2-4D93-8244-B54936A31D32}.Debug|Any CPU.ActiveCfg = Debug|Any CPU
		{E705DBD4-27A2-4D93-8244-B54936A31D32}.Debug|Any CPU.Build.0 = Debug|Any CPU
		{E705DBD4-27A2-4D93-8244-B54936A31D32}.Release|Any CPU.ActiveCfg = Release|Any CPU
		{E705DBD4-27A2-4D93-8244-B54936A31D32}.Release|Any CPU.Build.0 = Release|Any CPU
		{6FD44370-ACB1-4941-9811-01CE315C457A}.Debug|Any CPU.ActiveCfg = Debug|Any CPU
		{6FD44370-ACB1-4941-9811-01CE315C457A}.Debug|Any CPU.Build.0 = Debug|Any CPU
		{6FD44370-ACB1-4941-9811-01CE315C457A}.Release|Any CPU.ActiveCfg = Release|Any CPU
		{6FD44370-ACB1-4941-9811-01CE315C457A}.Release|Any CPU.Build.0 = Release|Any CPU
		{AE23AB5F-B8D7-4BCD-9735-15ABED4A7948}.Debug|Any CPU.ActiveCfg = Debug|Any CPU
		{AE23AB5F-B8D7-4BCD-9735-15ABED4A7948}.Debug|Any CPU.Build.0 = Debug|Any CPU
		{AE23AB5F-B8D7-4BCD-9735-15ABED4A7948}.Release|Any CPU.ActiveCfg = Release|Any CPU
		{AE23AB5F-B8D7-4BCD-9735-15ABED4A7948}.Release|Any CPU.Build.0 = Release|Any CPU
		{F3AB648D-175F-4084-A04B-F0833F62470F}.Debug|Any CPU.ActiveCfg = Debug|Any CPU
		{F3AB648D-175F-4084-A04B-F0833F62470F}.Debug|Any CPU.Build.0 = Debug|Any CPU
		{F3AB648D-175F-4084-A04B-F0833F62470F}.Release|Any CPU.ActiveCfg = Release|Any CPU
		{F3AB648D-175F-4084-A04B-F0833F62470F}.Release|Any CPU.Build.0 = Release|Any CPU
		{61160548-1303-4C69-B4C1-E1AEE3C832F7}.Debug|Any CPU.ActiveCfg = Debug|Any CPU
		{61160548-1303-4C69-B4C1-E1AEE3C832F7}.Debug|Any CPU.Build.0 = Debug|Any CPU
		{61160548-1303-4C69-B4C1-E1AEE3C832F7}.Release|Any CPU.ActiveCfg = Release|Any CPU
		{61160548-1303-4C69-B4C1-E1AEE3C832F7}.Release|Any CPU.Build.0 = Release|Any CPU
		{7B3F6EC8-4DB6-4D49-BC37-FE5E2B9708F4}.Debug|Any CPU.ActiveCfg = Debug|Any CPU
		{7B3F6EC8-4DB6-4D49-BC37-FE5E2B9708F4}.Debug|Any CPU.Build.0 = Debug|Any CPU
		{7B3F6EC8-4DB6-4D49-BC37-FE5E2B9708F4}.Release|Any CPU.ActiveCfg = Release|Any CPU
		{7B3F6EC8-4DB6-4D49-BC37-FE5E2B9708F4}.Release|Any CPU.Build.0 = Release|Any CPU
	EndGlobalSection
	GlobalSection(SolutionProperties) = preSolution
		HideSolutionNode = FALSE
	EndGlobalSection
	GlobalSection(NestedProjects) = preSolution
		{DEEAA486-D0FA-42D5-ADA4-770D7ED36E14} = {0290F26D-0707-47E3-9F03-521774C6ECF9}
		{82B774F8-D042-4698-A6D3-50B946561901} = {5F195278-8D4F-4609-A5D2-08E27F3D51CC}
		{E4AC311F-EE55-4295-8606-A247BACCF791} = {5F195278-8D4F-4609-A5D2-08E27F3D51CC}
		{E705DBD4-27A2-4D93-8244-B54936A31D32} = {5F195278-8D4F-4609-A5D2-08E27F3D51CC}
		{6FD44370-ACB1-4941-9811-01CE315C457A} = {DCBA48E3-40EA-473C-8861-3C893A617A3B}
		{AE23AB5F-B8D7-4BCD-9735-15ABED4A7948} = {0290F26D-0707-47E3-9F03-521774C6ECF9}
		{F3AB648D-175F-4084-A04B-F0833F62470F} = {0290F26D-0707-47E3-9F03-521774C6ECF9}
		{61160548-1303-4C69-B4C1-E1AEE3C832F7} = {5F195278-8D4F-4609-A5D2-08E27F3D51CC}
		{7B3F6EC8-4DB6-4D49-BC37-FE5E2B9708F4} = {DCBA48E3-40EA-473C-8861-3C893A617A3B}
	EndGlobalSection
EndGlobal
